
Microsoft Visual Studio Solution File, Format Version 12.00
# Visual Studio Version 17
VisualStudioVersion = 17.0.32112.339
MinimumVisualStudioVersion = 10.0.40219.1
Project("{8BC9CEB8-8B4A-11D0-8D11-00A0C91BC942}") = "BeDbgApi", "BeDbgApi\BeDbgApi.vcxproj", "{73AFCF9D-5655-4136-AD3B-006E6F1B0E9C}"
EndProject
Project("{8BC9CEB8-8B4A-11D0-8D11-00A0C91BC942}") = "ApiTest", "ApiTest\ApiTest.vcxproj", "{B66F9EDC-D72A-44A8-87AE-FAB337B4B6F4}"
EndProject
Project("{2150E333-8FDC-42A3-9474-1A3956D46DE8}") = "Solution Items", "Solution Items", "{D00D803F-B398-495E-A55C-C380A0E35A6E}"
	ProjectSection(SolutionItems) = preProject
		.editorconfig = .editorconfig
	EndProjectSection
EndProject
Project("{9A19103F-16F7-4668-BE54-9A1E7A4F7556}") = "BeDbgClient", "BeDbgClient\BeDbgClient.csproj", "{0669BF60-0898-49A2-B714-F2EF967D3F57}"
	ProjectSection(ProjectDependencies) = postProject
		{73AFCF9D-5655-4136-AD3B-006E6F1B0E9C} = {73AFCF9D-5655-4136-AD3B-006E6F1B0E9C}
	EndProjectSection
EndProject
Project("{9A19103F-16F7-4668-BE54-9A1E7A4F7556}") = "BeDbgClientTests", "BeDbgClientTests\BeDbgClientTests.csproj", "{00E84284-8327-40FB-B397-2228A7155FD4}"
EndProject
Global
	GlobalSection(SolutionConfigurationPlatforms) = preSolution
		Debug|x64 = Debug|x64
		Debug|x86 = Debug|x86
		Release|x64 = Release|x64
		Release|x86 = Release|x86
	EndGlobalSection
	GlobalSection(ProjectConfigurationPlatforms) = postSolution
		{73AFCF9D-5655-4136-AD3B-006E6F1B0E9C}.Debug|x64.ActiveCfg = Debug|x64
		{73AFCF9D-5655-4136-AD3B-006E6F1B0E9C}.Debug|x64.Build.0 = Debug|x64
		{73AFCF9D-5655-4136-AD3B-006E6F1B0E9C}.Debug|x86.ActiveCfg = Debug|Win32
		{73AFCF9D-5655-4136-AD3B-006E6F1B0E9C}.Debug|x86.Build.0 = Debug|Win32
		{73AFCF9D-5655-4136-AD3B-006E6F1B0E9C}.Release|x64.ActiveCfg = Release|x64
		{73AFCF9D-5655-4136-AD3B-006E6F1B0E9C}.Release|x64.Build.0 = Release|x64
		{73AFCF9D-5655-4136-AD3B-006E6F1B0E9C}.Release|x86.ActiveCfg = Release|Win32
		{73AFCF9D-5655-4136-AD3B-006E6F1B0E9C}.Release|x86.Build.0 = Release|Win32
		{B66F9EDC-D72A-44A8-87AE-FAB337B4B6F4}.Debug|x64.ActiveCfg = Debug|x64
		{B66F9EDC-D72A-44A8-87AE-FAB337B4B6F4}.Debug|x64.Build.0 = Debug|x64
		{B66F9EDC-D72A-44A8-87AE-FAB337B4B6F4}.Debug|x86.ActiveCfg = Debug|Win32
		{B66F9EDC-D72A-44A8-87AE-FAB337B4B6F4}.Debug|x86.Build.0 = Debug|Win32
		{B66F9EDC-D72A-44A8-87AE-FAB337B4B6F4}.Release|x64.ActiveCfg = Release|x64
		{B66F9EDC-D72A-44A8-87AE-FAB337B4B6F4}.Release|x64.Build.0 = Release|x64
		{B66F9EDC-D72A-44A8-87AE-FAB337B4B6F4}.Release|x86.ActiveCfg = Release|Win32
		{B66F9EDC-D72A-44A8-87AE-FAB337B4B6F4}.Release|x86.Build.0 = Release|Win32
		{0669BF60-0898-49A2-B714-F2EF967D3F57}.Debug|x64.ActiveCfg = Debug|x64
		{0669BF60-0898-49A2-B714-F2EF967D3F57}.Debug|x64.Build.0 = Debug|x64
		{0669BF60-0898-49A2-B714-F2EF967D3F57}.Debug|x86.ActiveCfg = Debug|x64
		{0669BF60-0898-49A2-B714-F2EF967D3F57}.Debug|x86.Build.0 = Debug|x64
		{0669BF60-0898-49A2-B714-F2EF967D3F57}.Release|x64.ActiveCfg = Release|x64
		{0669BF60-0898-49A2-B714-F2EF967D3F57}.Release|x64.Build.0 = Release|x64
		{0669BF60-0898-49A2-B714-F2EF967D3F57}.Release|x86.ActiveCfg = Release|x86
		{0669BF60-0898-49A2-B714-F2EF967D3F57}.Release|x86.Build.0 = Release|x86
		{00E84284-8327-40FB-B397-2228A7155FD4}.Debug|x64.ActiveCfg = Debug|x64
		{00E84284-8327-40FB-B397-2228A7155FD4}.Debug|x64.Build.0 = Debug|x64
		{00E84284-8327-40FB-B397-2228A7155FD4}.Debug|x86.ActiveCfg = Debug|x64
		{00E84284-8327-40FB-B397-2228A7155FD4}.Debug|x86.Build.0 = Debug|x64
		{00E84284-8327-40FB-B397-2228A7155FD4}.Release|x64.ActiveCfg = Release|x64
		{00E84284-8327-40FB-B397-2228A7155FD4}.Release|x64.Build.0 = Release|x64
		{00E84284-8327-40FB-B397-2228A7155FD4}.Release|x86.ActiveCfg = Release|x86
		{00E84284-8327-40FB-B397-2228A7155FD4}.Release|x86.Build.0 = Release|x86
	EndGlobalSection
	GlobalSection(SolutionProperties) = preSolution
		HideSolutionNode = FALSE
	EndGlobalSection
	GlobalSection(ExtensibilityGlobals) = postSolution
		SolutionGuid = {1086AA63-B79E-47B2-8464-CF2258EED4B9}
	EndGlobalSection
EndGlobal
