
Microsoft Visual Studio Solution File, Format Version 12.00
# Visual Studio Version 17
VisualStudioVersion = 17.0.32112.339
MinimumVisualStudioVersion = 10.0.40219.1
Project("{8BC9CEB8-8B4A-11D0-8D11-00A0C91BC942}") = "BeDbgApi", "BeDbgApi\BeDbgApi.vcxproj", "{73AFCF9D-5655-4136-AD3B-006E6F1B0E9C}"
EndProject
Project("{8BC9CEB8-8B4A-11D0-8D11-00A0C91BC942}") = "ApiTest", "ApiTest\ApiTest.vcxproj", "{B66F9EDC-D72A-44A8-87AE-FAB337B4B6F4}"
EndProject
Project("{2150E333-8FDC-42A3-9474-1A3956D46DE8}") = "Solution Items", "Solution Items", "{D00D803F-B398-495E-A55C-C380A0E35A6E}"
	ProjectSection(SolutionItems) = preProject
		.editorconfig = .editorconfig
	EndProjectSection
EndProject
Project("{FAE04EC0-301F-11D3-BF4B-00C04F79EFBC}") = "BeDbg", "BeDbg\BeDbg.csproj", "{94E3FAA7-FED4-4897-ACE9-F5DF299E24C4}"
EndProject
Global
	GlobalSection(SolutionConfigurationPlatforms) = preSolution
		Debug|Any CPU = Debug|Any CPU
		Debug|x64 = Debug|x64
		Debug|x86 = Debug|x86
		Release|Any CPU = Release|Any CPU
		Release|x64 = Release|x64
		Release|x86 = Release|x86
	EndGlobalSection
	GlobalSection(ProjectConfigurationPlatforms) = postSolution
		{73AFCF9D-5655-4136-AD3B-006E6F1B0E9C}.Debug|Any CPU.ActiveCfg = Debug|x64
		{73AFCF9D-5655-4136-AD3B-006E6F1B0E9C}.Debug|Any CPU.Build.0 = Debug|x64
		{73AFCF9D-5655-4136-AD3B-006E6F1B0E9C}.Debug|x64.ActiveCfg = Debug|x64
		{73AFCF9D-5655-4136-AD3B-006E6F1B0E9C}.Debug|x64.Build.0 = Debug|x64
		{73AFCF9D-5655-4136-AD3B-006E6F1B0E9C}.Debug|x86.ActiveCfg = Debug|Win32
		{73AFCF9D-5655-4136-AD3B-006E6F1B0E9C}.Debug|x86.Build.0 = Debug|Win32
		{73AFCF9D-5655-4136-AD3B-006E6F1B0E9C}.Release|Any CPU.ActiveCfg = Release|x64
		{73AFCF9D-5655-4136-AD3B-006E6F1B0E9C}.Release|Any CPU.Build.0 = Release|x64
		{73AFCF9D-5655-4136-AD3B-006E6F1B0E9C}.Release|x64.ActiveCfg = Release|x64
		{73AFCF9D-5655-4136-AD3B-006E6F1B0E9C}.Release|x64.Build.0 = Release|x64
		{73AFCF9D-5655-4136-AD3B-006E6F1B0E9C}.Release|x86.ActiveCfg = Release|Win32
		{73AFCF9D-5655-4136-AD3B-006E6F1B0E9C}.Release|x86.Build.0 = Release|Win32
		{B66F9EDC-D72A-44A8-87AE-FAB337B4B6F4}.Debug|Any CPU.ActiveCfg = Debug|x64
		{B66F9EDC-D72A-44A8-87AE-FAB337B4B6F4}.Debug|Any CPU.Build.0 = Debug|x64
		{B66F9EDC-D72A-44A8-87AE-FAB337B4B6F4}.Debug|x64.ActiveCfg = Debug|x64
		{B66F9EDC-D72A-44A8-87AE-FAB337B4B6F4}.Debug|x64.Build.0 = Debug|x64
		{B66F9EDC-D72A-44A8-87AE-FAB337B4B6F4}.Debug|x86.ActiveCfg = Debug|Win32
		{B66F9EDC-D72A-44A8-87AE-FAB337B4B6F4}.Debug|x86.Build.0 = Debug|Win32
		{B66F9EDC-D72A-44A8-87AE-FAB337B4B6F4}.Release|Any CPU.ActiveCfg = Release|x64
		{B66F9EDC-D72A-44A8-87AE-FAB337B4B6F4}.Release|Any CPU.Build.0 = Release|x64
		{B66F9EDC-D72A-44A8-87AE-FAB337B4B6F4}.Release|x64.ActiveCfg = Release|x64
		{B66F9EDC-D72A-44A8-87AE-FAB337B4B6F4}.Release|x64.Build.0 = Release|x64
		{B66F9EDC-D72A-44A8-87AE-FAB337B4B6F4}.Release|x86.ActiveCfg = Release|Win32
		{B66F9EDC-D72A-44A8-87AE-FAB337B4B6F4}.Release|x86.Build.0 = Release|Win32
		{94E3FAA7-FED4-4897-ACE9-F5DF299E24C4}.Debug|Any CPU.ActiveCfg = Debug|Any CPU
		{94E3FAA7-FED4-4897-ACE9-F5DF299E24C4}.Debug|Any CPU.Build.0 = Debug|Any CPU
		{94E3FAA7-FED4-4897-ACE9-F5DF299E24C4}.Debug|x64.ActiveCfg = Debug|Any CPU
		{94E3FAA7-FED4-4897-ACE9-F5DF299E24C4}.Debug|x64.Build.0 = Debug|Any CPU
		{94E3FAA7-FED4-4897-ACE9-F5DF299E24C4}.Debug|x86.ActiveCfg = Debug|Any CPU
		{94E3FAA7-FED4-4897-ACE9-F5DF299E24C4}.Debug|x86.Build.0 = Debug|Any CPU
		{94E3FAA7-FED4-4897-ACE9-F5DF299E24C4}.Release|Any CPU.ActiveCfg = Release|Any CPU
		{94E3FAA7-FED4-4897-ACE9-F5DF299E24C4}.Release|Any CPU.Build.0 = Release|Any CPU
		{94E3FAA7-FED4-4897-ACE9-F5DF299E24C4}.Release|x64.ActiveCfg = Release|Any CPU
		{94E3FAA7-FED4-4897-ACE9-F5DF299E24C4}.Release|x64.Build.0 = Release|Any CPU
		{94E3FAA7-FED4-4897-ACE9-F5DF299E24C4}.Release|x86.ActiveCfg = Release|Any CPU
		{94E3FAA7-FED4-4897-ACE9-F5DF299E24C4}.Release|x86.Build.0 = Release|Any CPU
	EndGlobalSection
	GlobalSection(SolutionProperties) = preSolution
		HideSolutionNode = FALSE
	EndGlobalSection
	GlobalSection(ExtensibilityGlobals) = postSolution
		SolutionGuid = {1086AA63-B79E-47B2-8464-CF2258EED4B9}
	EndGlobalSection
EndGlobal
